
Microsoft Visual Studio Solution File, Format Version 12.00
# Visual Studio Version 17
VisualStudioVersion = 17.10.35122.118
MinimumVisualStudioVersion = 10.0.40219.1
Project("{FAE04EC0-301F-11D3-BF4B-00C04F79EFBC}") = "ProgramacaoFuncional2Aula", "ProgramacaoFuncional2Aula\ProgramacaoFuncional2Aula.csproj", "{F45E5445-2030-4934-A3FA-6D6B67573DE7}"
EndProject
Global
	GlobalSection(SolutionConfigurationPlatforms) = preSolution
		Debug|Any CPU = Debug|Any CPU
		Release|Any CPU = Release|Any CPU
	EndGlobalSection
	GlobalSection(ProjectConfigurationPlatforms) = postSolution
		{F45E5445-2030-4934-A3FA-6D6B67573DE7}.Debug|Any CPU.ActiveCfg = Debug|Any CPU
		{F45E5445-2030-4934-A3FA-6D6B67573DE7}.Debug|Any CPU.Build.0 = Debug|Any CPU
		{F45E5445-2030-4934-A3FA-6D6B67573DE7}.Release|Any CPU.ActiveCfg = Release|Any CPU
		{F45E5445-2030-4934-A3FA-6D6B67573DE7}.Release|Any CPU.Build.0 = Release|Any CPU
	EndGlobalSection
	GlobalSection(SolutionProperties) = preSolution
		HideSolutionNode = FALSE
	EndGlobalSection
	GlobalSection(ExtensibilityGlobals) = postSolution
		SolutionGuid = {B7F515D8-A2D3-4555-9CA2-22CB3CD869C0}
	EndGlobalSection
EndGlobal
